// !$*UTF8*$!
{
	archiveVersion = 1;
	classes = {
	};
	objectVersion = 50;
	objects = {

/* Begin PBXBuildFile section */
		1723964224B570F900FBBF2A /* AppDelegate.m in Sources */ = {isa = PBXBuildFile; fileRef = 1723964124B570F900FBBF2A /* AppDelegate.m */; };
		1723964D24B570FA00FBBF2A /* Assets.xcassets in Resources */ = {isa = PBXBuildFile; fileRef = 1723964C24B570FA00FBBF2A /* Assets.xcassets */; };
		1723965324B570FA00FBBF2A /* main.m in Sources */ = {isa = PBXBuildFile; fileRef = 1723965224B570FA00FBBF2A /* main.m */; };
		1723965E24B5717100FBBF2A /* MainVC.m in Sources */ = {isa = PBXBuildFile; fileRef = 1723965D24B5717100FBBF2A /* MainVC.m */; };
		1794378B24B584B30054E220 /* TestCircularUseVC.m in Sources */ = {isa = PBXBuildFile; fileRef = 1794378A24B584B30054E220 /* TestCircularUseVC.m */; };
		1794379124B587DD0054E220 /* DffdProxy.m in Sources */ = {isa = PBXBuildFile; fileRef = 1794379024B587DD0054E220 /* DffdProxy.m */; };
		1794379424B587EA0054E220 /* DffdProxyObject.m in Sources */ = {isa = PBXBuildFile; fileRef = 1794379324B587EA0054E220 /* DffdProxyObject.m */; };
/* End PBXBuildFile section */

/* Begin PBXFileReference section */
		1723963D24B570F900FBBF2A /* CircularReferenceDemo.app */ = {isa = PBXFileReference; explicitFileType = wrapper.application; includeInIndex = 0; path = CircularReferenceDemo.app; sourceTree = BUILT_PRODUCTS_DIR; };
		1723964024B570F900FBBF2A /* AppDelegate.h */ = {isa = PBXFileReference; lastKnownFileType = sourcecode.c.h; path = AppDelegate.h; sourceTree = "<group>"; };
		1723964124B570F900FBBF2A /* AppDelegate.m */ = {isa = PBXFileReference; lastKnownFileType = sourcecode.c.objc; path = AppDelegate.m; sourceTree = "<group>"; };
		1723964C24B570FA00FBBF2A /* Assets.xcassets */ = {isa = PBXFileReference; lastKnownFileType = folder.assetcatalog; path = Assets.xcassets; sourceTree = "<group>"; };
		1723965124B570FA00FBBF2A /* Info.plist */ = {isa = PBXFileReference; lastKnownFileType = text.plist.xml; path = Info.plist; sourceTree = "<group>"; };
		1723965224B570FA00FBBF2A /* main.m */ = {isa = PBXFileReference; lastKnownFileType = sourcecode.c.objc; path = main.m; sourceTree = "<group>"; };
		1723965C24B5717100FBBF2A /* MainVC.h */ = {isa = PBXFileReference; lastKnownFileType = sourcecode.c.h; path = MainVC.h; sourceTree = "<group>"; };
		1723965D24B5717100FBBF2A /* MainVC.m */ = {isa = PBXFileReference; lastKnownFileType = sourcecode.c.objc; path = MainVC.m; sourceTree = "<group>"; };
		1794378924B584B30054E220 /* TestCircularUseVC.h */ = {isa = PBXFileReference; lastKnownFileType = sourcecode.c.h; path = TestCircularUseVC.h; sourceTree = "<group>"; };
		1794378A24B584B30054E220 /* TestCircularUseVC.m */ = {isa = PBXFileReference; lastKnownFileType = sourcecode.c.objc; path = TestCircularUseVC.m; sourceTree = "<group>"; };
		1794378F24B587DD0054E220 /* DffdProxy.h */ = {isa = PBXFileReference; lastKnownFileType = sourcecode.c.h; path = DffdProxy.h; sourceTree = "<group>"; };
		1794379024B587DD0054E220 /* DffdProxy.m */ = {isa = PBXFileReference; lastKnownFileType = sourcecode.c.objc; path = DffdProxy.m; sourceTree = "<group>"; };
		1794379224B587EA0054E220 /* DffdProxyObject.h */ = {isa = PBXFileReference; lastKnownFileType = sourcecode.c.h; path = DffdProxyObject.h; sourceTree = "<group>"; };
		1794379324B587EA0054E220 /* DffdProxyObject.m */ = {isa = PBXFileReference; lastKnownFileType = sourcecode.c.objc; path = DffdProxyObject.m; sourceTree = "<group>"; };
/* End PBXFileReference section */

/* Begin PBXFrameworksBuildPhase section */
		1723963A24B570F900FBBF2A /* Frameworks */ = {
			isa = PBXFrameworksBuildPhase;
			buildActionMask = 2147483647;
			files = (
			);
			runOnlyForDeploymentPostprocessing = 0;
		};
/* End PBXFrameworksBuildPhase section */

/* Begin PBXGroup section */
		1723963424B570F900FBBF2A = {
			isa = PBXGroup;
			children = (
				1723963F24B570F900FBBF2A /* CircularReferenceDemo */,
				1723963E24B570F900FBBF2A /* Products */,
			);
			sourceTree = "<group>";
		};
		1723963E24B570F900FBBF2A /* Products */ = {
			isa = PBXGroup;
			children = (
				1723963D24B570F900FBBF2A /* CircularReferenceDemo.app */,
			);
			name = Products;
			sourceTree = "<group>";
		};
		1723963F24B570F900FBBF2A /* CircularReferenceDemo */ = {
			isa = PBXGroup;
			children = (
				1723964024B570F900FBBF2A /* AppDelegate.h */,
				1723964124B570F900FBBF2A /* AppDelegate.m */,
				1723964C24B570FA00FBBF2A /* Assets.xcassets */,
				1723965124B570FA00FBBF2A /* Info.plist */,
				1723965224B570FA00FBBF2A /* main.m */,
				1723965C24B5717100FBBF2A /* MainVC.h */,
				1723965D24B5717100FBBF2A /* MainVC.m */,
				1794378924B584B30054E220 /* TestCircularUseVC.h */,
				1794378A24B584B30054E220 /* TestCircularUseVC.m */,
				1794378F24B587DD0054E220 /* DffdProxy.h */,
				1794379024B587DD0054E220 /* DffdProxy.m */,
				1794379224B587EA0054E220 /* DffdProxyObject.h */,
				1794379324B587EA0054E220 /* DffdProxyObject.m */,
			);
			path = CircularReferenceDemo;
			sourceTree = "<group>";
		};
/* End PBXGroup section */

/* Begin PBXNativeTarget section */
		1723963C24B570F900FBBF2A /* CircularReferenceDemo */ = {
			isa = PBXNativeTarget;
			buildConfigurationList = 1723965624B570FA00FBBF2A /* Build configuration list for PBXNativeTarget "CircularReferenceDemo" */;
			buildPhases = (
				1723963924B570F900FBBF2A /* Sources */,
				1723963A24B570F900FBBF2A /* Frameworks */,
				1723963B24B570F900FBBF2A /* Resources */,
			);
			buildRules = (
			);
			dependencies = (
			);
			name = CircularReferenceDemo;
			productName = CircularReferenceDemo;
			productReference = 1723963D24B570F900FBBF2A /* CircularReferenceDemo.app */;
			productType = "com.apple.product-type.application";
		};
/* End PBXNativeTarget section */

/* Begin PBXProject section */
		1723963524B570F900FBBF2A /* Project object */ = {
			isa = PBXProject;
			attributes = {
				LastUpgradeCheck = 1150;
				ORGANIZATIONNAME = kingsely;
				TargetAttributes = {
					1723963C24B570F900FBBF2A = {
						CreatedOnToolsVersion = 11.5;
					};
				};
			};
			buildConfigurationList = 1723963824B570F900FBBF2A /* Build configuration list for PBXProject "CircularReferenceDemo" */;
			compatibilityVersion = "Xcode 9.3";
			developmentRegion = en;
			hasScannedForEncodings = 0;
			knownRegions = (
				en,
				Base,
			);
			mainGroup = 1723963424B570F900FBBF2A;
			productRefGroup = 1723963E24B570F900FBBF2A /* Products */;
			projectDirPath = "";
			projectRoot = "";
			targets = (
				1723963C24B570F900FBBF2A /* CircularReferenceDemo */,
			);
		};
/* End PBXProject section */

/* Begin PBXResourcesBuildPhase section */
		1723963B24B570F900FBBF2A /* Resources */ = {
			isa = PBXResourcesBuildPhase;
			buildActionMask = 2147483647;
			files = (
				1723964D24B570FA00FBBF2A /* Assets.xcassets in Resources */,
			);
			runOnlyForDeploymentPostprocessing = 0;
		};
/* End PBXResourcesBuildPhase section */

/* Begin PBXSourcesBuildPhase section */
		1723963924B570F900FBBF2A /* Sources */ = {
			isa = PBXSourcesBuildPhase;
			buildActionMask = 2147483647;
			files = (
				1723965E24B5717100FBBF2A /* MainVC.m in Sources */,
				1794378B24B584B30054E220 /* TestCircularUseVC.m in Sources */,
				1723964224B570F900FBBF2A /* AppDelegate.m in Sources */,
				1794379424B587EA0054E220 /* DffdProxyObject.m in Sources */,
				1723965324B570FA00FBBF2A /* main.m in Sources */,
				1794379124B587DD0054E220 /* DffdProxy.m in Sources */,
			);
			runOnlyForDeploymentPostprocessing = 0;
		};
/* End PBXSourcesBuildPhase section */

/* Begin XCBuildConfiguration section */
		1723965424B570FA00FBBF2A /* Debug */ = {
			isa = XCBuildConfiguration;
			buildSettings = {
				ALWAYS_SEARCH_USER_PATHS = NO;
				CLANG_ANALYZER_NONNULL = YES;
				CLANG_ANALYZER_NUMBER_OBJECT_CONVERSION = YES_AGGRESSIVE;
				CLANG_CXX_LANGUAGE_STANDARD = "gnu++14";
				CLANG_CXX_LIBRARY = "libc++";
				CLANG_ENABLE_MODULES = YES;
				CLANG_ENABLE_OBJC_ARC = YES;
				CLANG_ENABLE_OBJC_WEAK = YES;
				CLANG_WARN_BLOCK_CAPTURE_AUTORELEASING = YES;
				CLANG_WARN_BOOL_CONVERSION = YES;
				CLANG_WARN_COMMA = YES;
				CLANG_WARN_CONSTANT_CONVERSION = YES;
				CLANG_WARN_DEPRECATED_OBJC_IMPLEMENTATIONS = YES;
				CLANG_WARN_DIRECT_OBJC_ISA_USAGE = YES_ERROR;
				CLANG_WARN_DOCUMENTATION_COMMENTS = YES;
				CLANG_WARN_EMPTY_BODY = YES;
				CLANG_WARN_ENUM_CONVERSION = YES;
				CLANG_WARN_INFINITE_RECURSION = YES;
				CLANG_WARN_INT_CONVERSION = YES;
				CLANG_WARN_NON_LITERAL_NULL_CONVERSION = YES;
				CLANG_WARN_OBJC_IMPLICIT_RETAIN_SELF = YES;
				CLANG_WARN_OBJC_LITERAL_CONVERSION = YES;
				CLANG_WARN_OBJC_ROOT_CLASS = YES_ERROR;
				CLANG_WARN_RANGE_LOOP_ANALYSIS = YES;
				CLANG_WARN_STRICT_PROTOTYPES = YES;
				CLANG_WARN_SUSPICIOUS_MOVE = YES;
				CLANG_WARN_UNGUARDED_AVAILABILITY = YES_AGGRESSIVE;
				CLANG_WARN_UNREACHABLE_CODE = YES;
				CLANG_WARN__DUPLICATE_METHOD_MATCH = YES;
				COPY_PHASE_STRIP = NO;
				DEBUG_INFORMATION_FORMAT = dwarf;
				ENABLE_STRICT_OBJC_MSGSEND = YES;
				ENABLE_TESTABILITY = YES;
				GCC_C_LANGUAGE_STANDARD = gnu11;
				GCC_DYNAMIC_NO_PIC = NO;
				GCC_NO_COMMON_BLOCKS = YES;
				GCC_OPTIMIZATION_LEVEL = 0;
				GCC_PREPROCESSOR_DEFINITIONS = (
					"DEBUG=1",
					"$(inherited)",
				);
				GCC_WARN_64_TO_32_BIT_CONVERSION = YES;
				GCC_WARN_ABOUT_RETURN_TYPE = YES_ERROR;
				GCC_WARN_UNDECLARED_SELECTOR = YES;
				GCC_WARN_UNINITIALIZED_AUTOS = YES_AGGRESSIVE;
				GCC_WARN_UNUSED_FUNCTION = YES;
				GCC_WARN_UNUSED_VARIABLE = YES;
				IPHONEOS_DEPLOYMENT_TARGET = 13.5;
				MTL_ENABLE_DEBUG_INFO = INCLUDE_SOURCE;
				MTL_FAST_MATH = YES;
				ONLY_ACTIVE_ARCH = YES;
				SDKROOT = iphoneos;
			};
			name = Debug;
		};
		1723965524B570FA00FBBF2A /* Release */ = {
			isa = XCBuildConfiguration;
			buildSettings = {
				ALWAYS_SEARCH_USER_PATHS = NO;
				CLANG_ANALYZER_NONNULL = YES;
				CLANG_ANALYZER_NUMBER_OBJECT_CONVERSION = YES_AGGRESSIVE;
				CLANG_CXX_LANGUAGE_STANDARD = "gnu++14";
				CLANG_CXX_LIBRARY = "libc++";
				CLANG_ENABLE_MODULES = YES;
				CLANG_ENABLE_OBJC_ARC = YES;
				CLANG_ENABLE_OBJC_WEAK = YES;
				CLANG_WARN_BLOCK_CAPTURE_AUTORELEASING = YES;
				CLANG_WARN_BOOL_CONVERSION = YES;
				CLANG_WARN_COMMA = YES;
				CLANG_WARN_CONSTANT_CONVERSION = YES;
				CLANG_WARN_DEPRECATED_OBJC_IMPLEMENTATIONS = YES;
				CLANG_WARN_DIRECT_OBJC_ISA_USAGE = YES_ERROR;
				CLANG_WARN_DOCUMENTATION_COMMENTS = YES;
				CLANG_WARN_EMPTY_BODY = YES;
				CLANG_WARN_ENUM_CONVERSION = YES;
				CLANG_WARN_INFINITE_RECURSION = YES;
				CLANG_WARN_INT_CONVERSION = YES;
				CLANG_WARN_NON_LITERAL_NULL_CONVERSION = YES;
				CLANG_WARN_OBJC_IMPLICIT_RETAIN_SELF = YES;
				CLANG_WARN_OBJC_LITERAL_CONVERSION = YES;
				CLANG_WARN_OBJC_ROOT_CLASS = YES_ERROR;
				CLANG_WARN_RANGE_LOOP_ANALYSIS = YES;
				CLANG_WARN_STRICT_PROTOTYPES = YES;
				CLANG_WARN_SUSPICIOUS_MOVE = YES;
				CLANG_WARN_UNGUARDED_AVAILABILITY = YES_AGGRESSIVE;
				CLANG_WARN_UNREACHABLE_CODE = YES;
				CLANG_WARN__DUPLICATE_METHOD_MATCH = YES;
				COPY_PHASE_STRIP = NO;
				DEBUG_INFORMATION_FORMAT = "dwarf-with-dsym";
				ENABLE_NS_ASSERTIONS = NO;
				ENABLE_STRICT_OBJC_MSGSEND = YES;
				GCC_C_LANGUAGE_STANDARD = gnu11;
				GCC_NO_COMMON_BLOCKS = YES;
				GCC_WARN_64_TO_32_BIT_CONVERSION = YES;
				GCC_WARN_ABOUT_RETURN_TYPE = YES_ERROR;
				GCC_WARN_UNDECLARED_SELECTOR = YES;
				GCC_WARN_UNINITIALIZED_AUTOS = YES_AGGRESSIVE;
				GCC_WARN_UNUSED_FUNCTION = YES;
				GCC_WARN_UNUSED_VARIABLE = YES;
				IPHONEOS_DEPLOYMENT_TARGET = 13.5;
				MTL_ENABLE_DEBUG_INFO = NO;
				MTL_FAST_MATH = YES;
				SDKROOT = iphoneos;
				VALIDATE_PRODUCT = YES;
			};
			name = Release;
		};
		1723965724B570FA00FBBF2A /* Debug */ = {
			isa = XCBuildConfiguration;
			buildSettings = {
				ASSETCATALOG_COMPILER_APPICON_NAME = AppIcon;
				CODE_SIGN_STYLE = Automatic;
				DEVELOPMENT_TEAM = 6L23DRZQ74;
				INFOPLIST_FILE = CircularReferenceDemo/Info.plist;
				IPHONEOS_DEPLOYMENT_TARGET = 10.0;
				LD_RUNPATH_SEARCH_PATHS = (
					"$(inherited)",
					"@executable_path/Frameworks",
				);
				PRODUCT_BUNDLE_IDENTIFIER = com.dffd.ktmeing.CircularReferenceDemo;
				PRODUCT_NAME = "$(TARGET_NAME)";
				TARGETED_DEVICE_FAMILY = "1,2";
			};
			name = Debug;
		};
		1723965824B570FA00FBBF2A /* Release */ = {
			isa = XCBuildConfiguration;
			buildSettings = {
				ASSETCATALOG_COMPILER_APPICON_NAME = AppIcon;
				CODE_SIGN_STYLE = Automatic;
				DEVELOPMENT_TEAM = 6L23DRZQ74;
				INFOPLIST_FILE = CircularReferenceDemo/Info.plist;
				IPHONEOS_DEPLOYMENT_TARGET = 10.0;
				LD_RUNPATH_SEARCH_PATHS = (
					"$(inherited)",
					"@executable_path/Frameworks",
				);
				PRODUCT_BUNDLE_IDENTIFIER = com.dffd.ktmeing.CircularReferenceDemo;
				PRODUCT_NAME = "$(TARGET_NAME)";
				TARGETED_DEVICE_FAMILY = "1,2";
			};
			name = Release;
		};
/* End XCBuildConfiguration section */

/* Begin XCConfigurationList section */
		1723963824B570F900FBBF2A /* Build configuration list for PBXProject "CircularReferenceDemo" */ = {
			isa = XCConfigurationList;
			buildConfigurations = (
				1723965424B570FA00FBBF2A /* Debug */,
				1723965524B570FA00FBBF2A /* Release */,
			);
			defaultConfigurationIsVisible = 0;
			defaultConfigurationName = Release;
		};
		1723965624B570FA00FBBF2A /* Build configuration list for PBXNativeTarget "CircularReferenceDemo" */ = {
			isa = XCConfigurationList;
			buildConfigurations = (
				1723965724B570FA00FBBF2A /* Debug */,
				1723965824B570FA00FBBF2A /* Release */,
			);
			defaultConfigurationIsVisible = 0;
			defaultConfigurationName = Release;
		};
/* End XCConfigurationList section */
	};
	rootObject = 1723963524B570F900FBBF2A /* Project object */;
}
